
Microsoft Visual Studio Solution File, Format Version 12.00
# Visual Studio 15
VisualStudioVersion = 15.0.27703.2042
MinimumVisualStudioVersion = 10.0.40219.1
Project("{FAE04EC0-301F-11D3-BF4B-00C04F79EFBC}") = "WebsocketManager", "WebsocketManager\WebsocketManager.csproj", "{7AF19BE8-7FF3-4B39-8B17-1B16C93D3306}"
EndProject
Global
	GlobalSection(SolutionConfigurationPlatforms) = preSolution
		Debug|Any CPU = Debug|Any CPU
		Release|Any CPU = Release|Any CPU
	EndGlobalSection
	GlobalSection(ProjectConfigurationPlatforms) = postSolution
		{7AF19BE8-7FF3-4B39-8B17-1B16C93D3306}.Debug|Any CPU.ActiveCfg = Debug|Any CPU
		{7AF19BE8-7FF3-4B39-8B17-1B16C93D3306}.Debug|Any CPU.Build.0 = Debug|Any CPU
		{7AF19BE8-7FF3-4B39-8B17-1B16C93D3306}.Release|Any CPU.ActiveCfg = Release|Any CPU
		{7AF19BE8-7FF3-4B39-8B17-1B16C93D3306}.Release|Any CPU.Build.0 = Release|Any CPU
	EndGlobalSection
	GlobalSection(SolutionProperties) = preSolution
		HideSolutionNode = FALSE
	EndGlobalSection
	GlobalSection(ExtensibilityGlobals) = postSolution
		SolutionGuid = {8E050550-4C40-4C5A-A669-20C820ACC62D}
	EndGlobalSection
EndGlobal
